Microsoft Visual Studio Solution File, Format Version 12.00
# Visual Studio Version 17
VisualStudioVersion = 17.5.2.0
MinimumVisualStudioVersion = 10.0.40219.1
Project("{FAE04EC0-301F-11D3-BF4B-00C04F79EFBC}") = "LMAPI", "LMAPI.csproj", "{22E0EF4B-2DA9-3369-1E71-1E2F99D7BF58}"
EndProject
Global
	GlobalSection(SolutionConfigurationPlatforms) = preSolution
		Debug|Any CPU = Debug|Any CPU
		Release|Any CPU = Release|Any CPU
	EndGlobalSection
	GlobalSection(ProjectConfigurationPlatforms) = postSolution
		{22E0EF4B-2DA9-3369-1E71-1E2F99D7BF58}.Debug|Any CPU.ActiveCfg = Debug|Any CPU
		{22E0EF4B-2DA9-3369-1E71-1E2F99D7BF58}.Debug|Any CPU.Build.0 = Debug|Any CPU
		{22E0EF4B-2DA9-3369-1E71-1E2F99D7BF58}.Release|Any CPU.ActiveCfg = Release|Any CPU
		{22E0EF4B-2DA9-3369-1E71-1E2F99D7BF58}.Release|Any CPU.Build.0 = Release|Any CPU
	EndGlobalSection
	GlobalSection(SolutionProperties) = preSolution
		HideSolutionNode = FALSE
	EndGlobalSection
	GlobalSection(ExtensibilityGlobals) = postSolution
		SolutionGuid = {5847241F-ACB0-4722-B08D-FCFF0F8157A7}
	EndGlobalSection
EndGlobal
